// !$*UTF8*$!
{
	archiveVersion = 1;
	classes = {
	};
	objectVersion = 50;
	objects = {

/* Begin PBXBuildFile section */
		2D9B81053E5BD5A8DE46CABA /* TaskItemView.swift in Sources */ = {isa = PBXBuildFile; fileRef = 2D9B84C904E3F1F5F90DA53F /* TaskItemView.swift */; };
		2D9B86784B64FBCE8F1A3F18 /* TaskListView.swift in Sources */ = {isa = PBXBuildFile; fileRef = 2D9B8B8281734FC06FA9C3C1 /* TaskListView.swift */; };
		2D9B8A1EA1602DF3CD3B76BD /* TaskEditView.swift in Sources */ = {isa = PBXBuildFile; fileRef = 2D9B833B7B4099D4DE2917E1 /* TaskEditView.swift */; };
		666CEA4223C096D900C4CD8D /* AppDelegate.swift in Sources */ = {isa = PBXBuildFile; fileRef = 666CEA4123C096D900C4CD8D /* AppDelegate.swift */; };
		666CEA4423C096D900C4CD8D /* SceneDelegate.swift in Sources */ = {isa = PBXBuildFile; fileRef = 666CEA4323C096D900C4CD8D /* SceneDelegate.swift */; };
		666CEA4823C096E000C4CD8D /* Assets.xcassets in Resources */ = {isa = PBXBuildFile; fileRef = 666CEA4723C096E000C4CD8D /* Assets.xcassets */; };
		666CEA4B23C096E000C4CD8D /* Preview Assets.xcassets in Resources */ = {isa = PBXBuildFile; fileRef = 666CEA4A23C096E000C4CD8D /* Preview Assets.xcassets */; };
		666CEA4E23C096E000C4CD8D /* LaunchScreen.storyboard in Resources */ = {isa = PBXBuildFile; fileRef = 666CEA4C23C096E000C4CD8D /* LaunchScreen.storyboard */; };
		66F692FD23C21B82006BD96B /* AppStore.swift in Sources */ = {isa = PBXBuildFile; fileRef = 66F692FC23C21B82006BD96B /* AppStore.swift */; };
		66F692FF23C2200C006BD96B /* Task.swift in Sources */ = {isa = PBXBuildFile; fileRef = 66F692FE23C2200C006BD96B /* Task.swift */; };
		A75BAAE75EBB159D39157683 /* Pods_EJDB2ExampleApp.framework in Frameworks */ = {isa = PBXBuildFile; fileRef = 8B9AEDC90BE224F85DD53A95 /* Pods_EJDB2ExampleApp.framework */; };
/* End PBXBuildFile section */

/* Begin PBXFileReference section */
		2D9B833B7B4099D4DE2917E1 /* TaskEditView.swift */ = {isa = PBXFileReference; fileEncoding = 4; lastKnownFileType = sourcecode.swift; path = TaskEditView.swift; sourceTree = "<group>"; };
		2D9B84C904E3F1F5F90DA53F /* TaskItemView.swift */ = {isa = PBXFileReference; fileEncoding = 4; lastKnownFileType = sourcecode.swift; path = TaskItemView.swift; sourceTree = "<group>"; };
		2D9B8B8281734FC06FA9C3C1 /* TaskListView.swift */ = {isa = PBXFileReference; fileEncoding = 4; lastKnownFileType = sourcecode.swift; path = TaskListView.swift; sourceTree = "<group>"; };
		2D9B8C710BD6619C5E35DF9B /* README.md */ = {isa = PBXFileReference; fileEncoding = 4; lastKnownFileType = net.daringfireball.markdown; path = README.md; sourceTree = "<group>"; };
		328D88917CE0D1044BD7D203 /* Pods-EJDB2ExampleApp.release.xcconfig */ = {isa = PBXFileReference; includeInIndex = 1; lastKnownFileType = text.xcconfig; name = "Pods-EJDB2ExampleApp.release.xcconfig"; path = "Target Support Files/Pods-EJDB2ExampleApp/Pods-EJDB2ExampleApp.release.xcconfig"; sourceTree = "<group>"; };
		666CEA3E23C096D900C4CD8D /* EJDB2ExampleApp.app */ = {isa = PBXFileReference; explicitFileType = wrapper.application; includeInIndex = 0; path = EJDB2ExampleApp.app; sourceTree = BUILT_PRODUCTS_DIR; };
		666CEA4123C096D900C4CD8D /* AppDelegate.swift */ = {isa = PBXFileReference; lastKnownFileType = sourcecode.swift; path = AppDelegate.swift; sourceTree = "<group>"; };
		666CEA4323C096D900C4CD8D /* SceneDelegate.swift */ = {isa = PBXFileReference; lastKnownFileType = sourcecode.swift; path = SceneDelegate.swift; sourceTree = "<group>"; };
		666CEA4723C096E000C4CD8D /* Assets.xcassets */ = {isa = PBXFileReference; lastKnownFileType = folder.assetcatalog; path = Assets.xcassets; sourceTree = "<group>"; };
		666CEA4A23C096E000C4CD8D /* Preview Assets.xcassets */ = {isa = PBXFileReference; lastKnownFileType = folder.assetcatalog; path = "Preview Assets.xcassets"; sourceTree = "<group>"; };
		666CEA4D23C096E000C4CD8D /* Base */ = {isa = PBXFileReference; lastKnownFileType = file.storyboard; name = Base; path = Base.lproj/LaunchScreen.storyboard; sourceTree = "<group>"; };
		666CEA4F23C096E000C4CD8D /* Info.plist */ = {isa = PBXFileReference; lastKnownFileType = text.plist.xml; path = Info.plist; sourceTree = "<group>"; };
		6694C27E23C6FC5500B228EF /* Podfile */ = {isa = PBXFileReference; lastKnownFileType = text; path = Podfile; sourceTree = "<group>"; xcLanguageSpecificationIdentifier = xcode.lang.ruby; };
		66F692FC23C21B82006BD96B /* AppStore.swift */ = {isa = PBXFileReference; lastKnownFileType = sourcecode.swift; path = AppStore.swift; sourceTree = "<group>"; };
		66F692FE23C2200C006BD96B /* Task.swift */ = {isa = PBXFileReference; lastKnownFileType = sourcecode.swift; path = Task.swift; sourceTree = "<group>"; };
		8B9AEDC90BE224F85DD53A95 /* Pods_EJDB2ExampleApp.framework */ = {isa = PBXFileReference; explicitFileType = wrapper.framework; includeInIndex = 0; path = Pods_EJDB2ExampleApp.framework; sourceTree = BUILT_PRODUCTS_DIR; };
		ACB4B4035CE113CECB658E1E /* Pods-EJDB2ExampleApp.debug.xcconfig */ = {isa = PBXFileReference; includeInIndex = 1; lastKnownFileType = text.xcconfig; name = "Pods-EJDB2ExampleApp.debug.xcconfig"; path = "Target Support Files/Pods-EJDB2ExampleApp/Pods-EJDB2ExampleApp.debug.xcconfig"; sourceTree = "<group>"; };
/* End PBXFileReference section */

/* Begin PBXFrameworksBuildPhase section */
		666CEA3B23C096D900C4CD8D /* Frameworks */ = {
			isa = PBXFrameworksBuildPhase;
			buildActionMask = 2147483647;
			files = (
				A75BAAE75EBB159D39157683 /* Pods_EJDB2ExampleApp.framework in Frameworks */,
			);
			runOnlyForDeploymentPostprocessing = 0;
		};
/* End PBXFrameworksBuildPhase section */

/* Begin PBXGroup section */
		250A0BCA87431D70680A66D8 /* Frameworks */ = {
			isa = PBXGroup;
			children = (
				8B9AEDC90BE224F85DD53A95 /* Pods_EJDB2ExampleApp.framework */,
			);
			name = Frameworks;
			sourceTree = "<group>";
		};
		666CEA3523C096D900C4CD8D = {
			isa = PBXGroup;
			children = (
				6694C27E23C6FC5500B228EF /* Podfile */,
				666CEA4023C096D900C4CD8D /* EJDB2ExampleApp */,
				666CEA3F23C096D900C4CD8D /* Products */,
				2D9B8C710BD6619C5E35DF9B /* README.md */,
				94EF96923471745CAD1846EE /* Pods */,
				250A0BCA87431D70680A66D8 /* Frameworks */,
			);
			sourceTree = "<group>";
		};
		666CEA3F23C096D900C4CD8D /* Products */ = {
			isa = PBXGroup;
			children = (
				666CEA3E23C096D900C4CD8D /* EJDB2ExampleApp.app */,
			);
			name = Products;
			sourceTree = "<group>";
		};
		666CEA4023C096D900C4CD8D /* EJDB2ExampleApp */ = {
			isa = PBXGroup;
			children = (
				66F692FC23C21B82006BD96B /* AppStore.swift */,
				666CEA4123C096D900C4CD8D /* AppDelegate.swift */,
				666CEA4323C096D900C4CD8D /* SceneDelegate.swift */,
				66F692FE23C2200C006BD96B /* Task.swift */,
				666CEA4723C096E000C4CD8D /* Assets.xcassets */,
				666CEA4C23C096E000C4CD8D /* LaunchScreen.storyboard */,
				666CEA4F23C096E000C4CD8D /* Info.plist */,
				666CEA4923C096E000C4CD8D /* Preview Content */,
				2D9B8B8281734FC06FA9C3C1 /* TaskListView.swift */,
				2D9B84C904E3F1F5F90DA53F /* TaskItemView.swift */,
				2D9B833B7B4099D4DE2917E1 /* TaskEditView.swift */,
			);
			path = EJDB2ExampleApp;
			sourceTree = "<group>";
		};
		666CEA4923C096E000C4CD8D /* Preview Content */ = {
			isa = PBXGroup;
			children = (
				666CEA4A23C096E000C4CD8D /* Preview Assets.xcassets */,
			);
			path = "Preview Content";
			sourceTree = "<group>";
		};
		94EF96923471745CAD1846EE /* Pods */ = {
			isa = PBXGroup;
			children = (
				ACB4B4035CE113CECB658E1E /* Pods-EJDB2ExampleApp.debug.xcconfig */,
				328D88917CE0D1044BD7D203 /* Pods-EJDB2ExampleApp.release.xcconfig */,
			);
			path = Pods;
			sourceTree = "<group>";
		};
/* End PBXGroup section */

/* Begin PBXNativeTarget section */
		666CEA3D23C096D900C4CD8D /* EJDB2ExampleApp */ = {
			isa = PBXNativeTarget;
			buildConfigurationList = 666CEA5223C096E000C4CD8D /* Build configuration list for PBXNativeTarget "EJDB2ExampleApp" */;
			buildPhases = (
				A78873D83F31C9AB9522F20C /* [CP] Check Pods Manifest.lock */,
				666CEA3A23C096D900C4CD8D /* Sources */,
				666CEA3B23C096D900C4CD8D /* Frameworks */,
				666CEA3C23C096D900C4CD8D /* Resources */,
			);
			buildRules = (
			);
			dependencies = (
			);
			name = EJDB2ExampleApp;
			productName = EJDB2ExampleApp;
			productReference = 666CEA3E23C096D900C4CD8D /* EJDB2ExampleApp.app */;
			productType = "com.apple.product-type.application";
		};
/* End PBXNativeTarget section */

/* Begin PBXProject section */
		666CEA3623C096D900C4CD8D /* Project object */ = {
			isa = PBXProject;
			attributes = {
				LastSwiftUpdateCheck = 1130;
				LastUpgradeCheck = 1130;
				ORGANIZATIONNAME = Softmotions;
				TargetAttributes = {
					666CEA3D23C096D900C4CD8D = {
						CreatedOnToolsVersion = 11.3;
					};
				};
			};
			buildConfigurationList = 666CEA3923C096D900C4CD8D /* Build configuration list for PBXProject "EJDB2ExampleApp" */;
			compatibilityVersion = "Xcode 9.3";
			developmentRegion = en;
			hasScannedForEncodings = 0;
			knownRegions = (
				en,
				Base,
			);
			mainGroup = 666CEA3523C096D900C4CD8D;
			productRefGroup = 666CEA3F23C096D900C4CD8D /* Products */;
			projectDirPath = "";
			projectRoot = "";
			targets = (
				666CEA3D23C096D900C4CD8D /* EJDB2ExampleApp */,
			);
		};
/* End PBXProject section */

/* Begin PBXResourcesBuildPhase section */
		666CEA3C23C096D900C4CD8D /* Resources */ = {
			isa = PBXResourcesBuildPhase;
			buildActionMask = 2147483647;
			files = (
				666CEA4E23C096E000C4CD8D /* LaunchScreen.storyboard in Resources */,
				666CEA4B23C096E000C4CD8D /* Preview Assets.xcassets in Resources */,
				666CEA4823C096E000C4CD8D /* Assets.xcassets in Resources */,
			);
			runOnlyForDeploymentPostprocessing = 0;
		};
/* End PBXResourcesBuildPhase section */

/* Begin PBXShellScriptBuildPhase section */
		A78873D83F31C9AB9522F20C /* [CP] Check Pods Manifest.lock */ = {
			isa = PBXShellScriptBuildPhase;
			buildActionMask = 2147483647;
			files = (
			);
			inputFileListPaths = (
			);
			inputPaths = (
				"${PODS_PODFILE_DIR_PATH}/Podfile.lock",
				"${PODS_ROOT}/Manifest.lock",
			);
			name = "[CP] Check Pods Manifest.lock";
			outputFileListPaths = (
			);
			outputPaths = (
				"$(DERIVED_FILE_DIR)/Pods-EJDB2ExampleApp-checkManifestLockResult.txt",
			);
			runOnlyForDeploymentPostprocessing = 0;
			shellPath = /bin/sh;
			shellScript = "diff \"${PODS_PODFILE_DIR_PATH}/Podfile.lock\" \"${PODS_ROOT}/Manifest.lock\" > /dev/null\nif [ $? != 0 ] ; then\n    # print error to STDERR\n    echo \"error: The sandbox is not in sync with the Podfile.lock. Run 'pod install' or update your CocoaPods installation.\" >&2\n    exit 1\nfi\n# This output is used by Xcode 'outputs' to avoid re-running this script phase.\necho \"SUCCESS\" > \"${SCRIPT_OUTPUT_FILE_0}\"\n";
			showEnvVarsInLog = 0;
		};
/* End PBXShellScriptBuildPhase section */

/* Begin PBXSourcesBuildPhase section */
		666CEA3A23C096D900C4CD8D /* Sources */ = {
			isa = PBXSourcesBuildPhase;
			buildActionMask = 2147483647;
			files = (
				666CEA4223C096D900C4CD8D /* AppDelegate.swift in Sources */,
				666CEA4423C096D900C4CD8D /* SceneDelegate.swift in Sources */,
				66F692FF23C2200C006BD96B /* Task.swift in Sources */,
				66F692FD23C21B82006BD96B /* AppStore.swift in Sources */,
				2D9B86784B64FBCE8F1A3F18 /* TaskListView.swift in Sources */,
				2D9B81053E5BD5A8DE46CABA /* TaskItemView.swift in Sources */,
				2D9B8A1EA1602DF3CD3B76BD /* TaskEditView.swift in Sources */,
			);
			runOnlyForDeploymentPostprocessing = 0;
		};
/* End PBXSourcesBuildPhase section */

/* Begin PBXVariantGroup section */
		666CEA4C23C096E000C4CD8D /* LaunchScreen.storyboard */ = {
			isa = PBXVariantGroup;
			children = (
				666CEA4D23C096E000C4CD8D /* Base */,
			);
			name = LaunchScreen.storyboard;
			sourceTree = "<group>";
		};
/* End PBXVariantGroup section */

/* Begin XCBuildConfiguration section */
		666CEA5023C096E000C4CD8D /* Debug */ = {
			isa = XCBuildConfiguration;
			buildSettings = {
				ALWAYS_SEARCH_USER_PATHS = NO;
				CLANG_ANALYZER_NONNULL = YES;
				CLANG_ANALYZER_NUMBER_OBJECT_CONVERSION = YES_AGGRESSIVE;
				CLANG_CXX_LANGUAGE_STANDARD = "gnu++14";
				CLANG_CXX_LIBRARY = "libc++";
				CLANG_ENABLE_MODULES = YES;
				CLANG_ENABLE_OBJC_ARC = YES;
				CLANG_ENABLE_OBJC_WEAK = YES;
				CLANG_WARN_BLOCK_CAPTURE_AUTORELEASING = YES;
				CLANG_WARN_BOOL_CONVERSION = YES;
				CLANG_WARN_COMMA = YES;
				CLANG_WARN_CONSTANT_CONVERSION = YES;
				CLANG_WARN_DEPRECATED_OBJC_IMPLEMENTATIONS = YES;
				CLANG_WARN_DIRECT_OBJC_ISA_USAGE = YES_ERROR;
				CLANG_WARN_DOCUMENTATION_COMMENTS = YES;
				CLANG_WARN_EMPTY_BODY = YES;
				CLANG_WARN_ENUM_CONVERSION = YES;
				CLANG_WARN_INFINITE_RECURSION = YES;
				CLANG_WARN_INT_CONVERSION = YES;
				CLANG_WARN_NON_LITERAL_NULL_CONVERSION = YES;
				CLANG_WARN_OBJC_IMPLICIT_RETAIN_SELF = YES;
				CLANG_WARN_OBJC_LITERAL_CONVERSION = YES;
				CLANG_WARN_OBJC_ROOT_CLASS = YES_ERROR;
				CLANG_WARN_RANGE_LOOP_ANALYSIS = YES;
				CLANG_WARN_STRICT_PROTOTYPES = YES;
				CLANG_WARN_SUSPICIOUS_MOVE = YES;
				CLANG_WARN_UNGUARDED_AVAILABILITY = YES_AGGRESSIVE;
				CLANG_WARN_UNREACHABLE_CODE = YES;
				CLANG_WARN__DUPLICATE_METHOD_MATCH = YES;
				COPY_PHASE_STRIP = NO;
				DEBUG_INFORMATION_FORMAT = dwarf;
				ENABLE_STRICT_OBJC_MSGSEND = YES;
				ENABLE_TESTABILITY = YES;
				GCC_C_LANGUAGE_STANDARD = gnu11;
				GCC_DYNAMIC_NO_PIC = NO;
				GCC_NO_COMMON_BLOCKS = YES;
				GCC_OPTIMIZATION_LEVEL = 0;
				GCC_PREPROCESSOR_DEFINITIONS = (
					"DEBUG=1",
					"$(inherited)",
				);
				GCC_WARN_64_TO_32_BIT_CONVERSION = YES;
				GCC_WARN_ABOUT_RETURN_TYPE = YES_ERROR;
				GCC_WARN_UNDECLARED_SELECTOR = YES;
				GCC_WARN_UNINITIALIZED_AUTOS = YES_AGGRESSIVE;
				GCC_WARN_UNUSED_FUNCTION = YES;
				GCC_WARN_UNUSED_VARIABLE = YES;
				IPHONEOS_DEPLOYMENT_TARGET = 13.2;
				MTL_ENABLE_DEBUG_INFO = INCLUDE_SOURCE;
				MTL_FAST_MATH = YES;
				ONLY_ACTIVE_ARCH = YES;
				SDKROOT = iphoneos;
				SWIFT_ACTIVE_COMPILATION_CONDITIONS = DEBUG;
				SWIFT_OPTIMIZATION_LEVEL = "-Onone";
			};
			name = Debug;
		};
		666CEA5123C096E000C4CD8D /* Release */ = {
			isa = XCBuildConfiguration;
			buildSettings = {
				ALWAYS_SEARCH_USER_PATHS = NO;
				CLANG_ANALYZER_NONNULL = YES;
				CLANG_ANALYZER_NUMBER_OBJECT_CONVERSION = YES_AGGRESSIVE;
				CLANG_CXX_LANGUAGE_STANDARD = "gnu++14";
				CLANG_CXX_LIBRARY = "libc++";
				CLANG_ENABLE_MODULES = YES;
				CLANG_ENABLE_OBJC_ARC = YES;
				CLANG_ENABLE_OBJC_WEAK = YES;
				CLANG_WARN_BLOCK_CAPTURE_AUTORELEASING = YES;
				CLANG_WARN_BOOL_CONVERSION = YES;
				CLANG_WARN_COMMA = YES;
				CLANG_WARN_CONSTANT_CONVERSION = YES;
				CLANG_WARN_DEPRECATED_OBJC_IMPLEMENTATIONS = YES;
				CLANG_WARN_DIRECT_OBJC_ISA_USAGE = YES_ERROR;
				CLANG_WARN_DOCUMENTATION_COMMENTS = YES;
				CLANG_WARN_EMPTY_BODY = YES;
				CLANG_WARN_ENUM_CONVERSION = YES;
				CLANG_WARN_INFINITE_RECURSION = YES;
				CLANG_WARN_INT_CONVERSION = YES;
				CLANG_WARN_NON_LITERAL_NULL_CONVERSION = YES;
				CLANG_WARN_OBJC_IMPLICIT_RETAIN_SELF = YES;
				CLANG_WARN_OBJC_LITERAL_CONVERSION = YES;
				CLANG_WARN_OBJC_ROOT_CLASS = YES_ERROR;
				CLANG_WARN_RANGE_LOOP_ANALYSIS = YES;
				CLANG_WARN_STRICT_PROTOTYPES = YES;
				CLANG_WARN_SUSPICIOUS_MOVE = YES;
				CLANG_WARN_UNGUARDED_AVAILABILITY = YES_AGGRESSIVE;
				CLANG_WARN_UNREACHABLE_CODE = YES;
				CLANG_WARN__DUPLICATE_METHOD_MATCH = YES;
				COPY_PHASE_STRIP = NO;
				DEBUG_INFORMATION_FORMAT = "dwarf-with-dsym";
				ENABLE_NS_ASSERTIONS = NO;
				ENABLE_STRICT_OBJC_MSGSEND = YES;
				GCC_C_LANGUAGE_STANDARD = gnu11;
				GCC_NO_COMMON_BLOCKS = YES;
				GCC_WARN_64_TO_32_BIT_CONVERSION = YES;
				GCC_WARN_ABOUT_RETURN_TYPE = YES_ERROR;
				GCC_WARN_UNDECLARED_SELECTOR = YES;
				GCC_WARN_UNINITIALIZED_AUTOS = YES_AGGRESSIVE;
				GCC_WARN_UNUSED_FUNCTION = YES;
				GCC_WARN_UNUSED_VARIABLE = YES;
				IPHONEOS_DEPLOYMENT_TARGET = 13.2;
				MTL_ENABLE_DEBUG_INFO = NO;
				MTL_FAST_MATH = YES;
				SDKROOT = iphoneos;
				SWIFT_COMPILATION_MODE = wholemodule;
				SWIFT_OPTIMIZATION_LEVEL = "-O";
				VALIDATE_PRODUCT = YES;
			};
			name = Release;
		};
		666CEA5323C096E000C4CD8D /* Debug */ = {
			isa = XCBuildConfiguration;
			baseConfigurationReference = ACB4B4035CE113CECB658E1E /* Pods-EJDB2ExampleApp.debug.xcconfig */;
			buildSettings = {
				ASSETCATALOG_COMPILER_APPICON_NAME = AppIcon;
				CODE_SIGN_STYLE = Manual;
				DEVELOPMENT_ASSET_PATHS = "\"EJDB2ExampleApp/Preview Content\"";
				DEVELOPMENT_TEAM = "";
				ENABLE_PREVIEWS = YES;
				INFOPLIST_FILE = EJDB2ExampleApp/Info.plist;
				LD_RUNPATH_SEARCH_PATHS = (
					"$(inherited)",
					"@executable_path/Frameworks",
				);
				PRODUCT_BUNDLE_IDENTIFIER = com.softmotions.EJDB2ExampleApp;
				PRODUCT_NAME = "$(TARGET_NAME)";
				PROVISIONING_PROFILE_SPECIFIER = "";
				SWIFT_VERSION = 5.0;
				TARGETED_DEVICE_FAMILY = "1,2";
			};
			name = Debug;
		};
		666CEA5423C096E000C4CD8D /* Release */ = {
			isa = XCBuildConfiguration;
			baseConfigurationReference = 328D88917CE0D1044BD7D203 /* Pods-EJDB2ExampleApp.release.xcconfig */;
			buildSettings = {
				ASSETCATALOG_COMPILER_APPICON_NAME = AppIcon;
				CODE_SIGN_STYLE = Manual;
				DEVELOPMENT_ASSET_PATHS = "\"EJDB2ExampleApp/Preview Content\"";
				DEVELOPMENT_TEAM = "";
				ENABLE_PREVIEWS = YES;
				INFOPLIST_FILE = EJDB2ExampleApp/Info.plist;
				LD_RUNPATH_SEARCH_PATHS = (
					"$(inherited)",
					"@executable_path/Frameworks",
				);
				PRODUCT_BUNDLE_IDENTIFIER = com.softmotions.EJDB2ExampleApp;
				PRODUCT_NAME = "$(TARGET_NAME)";
				PROVISIONING_PROFILE_SPECIFIER = "";
				SWIFT_VERSION = 5.0;
				TARGETED_DEVICE_FAMILY = "1,2";
			};
			name = Release;
		};
/* End XCBuildConfiguration section */

/* Begin XCConfigurationList section */
		666CEA3923C096D900C4CD8D /* Build configuration list for PBXProject "EJDB2ExampleApp" */ = {
			isa = XCConfigurationList;
			buildConfigurations = (
				666CEA5023C096E000C4CD8D /* Debug */,
				666CEA5123C096E000C4CD8D /* Release */,
			);
			defaultConfigurationIsVisible = 0;
			defaultConfigurationName = Release;
		};
		666CEA5223C096E000C4CD8D /* Build configuration list for PBXNativeTarget "EJDB2ExampleApp" */ = {
			isa = XCConfigurationList;
			buildConfigurations = (
				666CEA5323C096E000C4CD8D /* Debug */,
				666CEA5423C096E000C4CD8D /* Release */,
			);
			defaultConfigurationIsVisible = 0;
			defaultConfigurationName = Release;
		};
/* End XCConfigurationList section */
	};
	rootObject = 666CEA3623C096D900C4CD8D /* Project object */;
}
